// !$*UTF8*$!
{
	archiveVersion = 1;
	classes = {
	};
	objectVersion = 55;
	objects = {

/* Begin PBXBuildFile section */
		641E8F4227AE843F00FE459C /* GardenViewController.swift in Sources */ = {isa = PBXBuildFile; fileRef = 641E8F4127AE843F00FE459C /* GardenViewController.swift */; };
		641E8F4427AE845400FE459C /* FlowerShopViewController.swift in Sources */ = {isa = PBXBuildFile; fileRef = 641E8F4327AE845400FE459C /* FlowerShopViewController.swift */; };
		641E8F4627AEBCF000FE459C /* Questions.swift in Sources */ = {isa = PBXBuildFile; fileRef = 641E8F4527AEBCF000FE459C /* Questions.swift */; };
		646DEC9F27AB969700452E50 /* AppDelegate.swift in Sources */ = {isa = PBXBuildFile; fileRef = 646DEC9E27AB969700452E50 /* AppDelegate.swift */; };
		646DECA127AB969700452E50 /* SceneDelegate.swift in Sources */ = {isa = PBXBuildFile; fileRef = 646DECA027AB969700452E50 /* SceneDelegate.swift */; };
		646DECA327AB969700452E50 /* ViewController.swift in Sources */ = {isa = PBXBuildFile; fileRef = 646DECA227AB969700452E50 /* ViewController.swift */; };
		646DECA627AB969700452E50 /* Main.storyboard in Resources */ = {isa = PBXBuildFile; fileRef = 646DECA427AB969700452E50 /* Main.storyboard */; };
		646DECA827AB969700452E50 /* Assets.xcassets in Resources */ = {isa = PBXBuildFile; fileRef = 646DECA727AB969700452E50 /* Assets.xcassets */; };
		646DECAB27AB969700452E50 /* LaunchScreen.storyboard in Resources */ = {isa = PBXBuildFile; fileRef = 646DECA927AB969700452E50 /* LaunchScreen.storyboard */; };
/* End PBXBuildFile section */

/* Begin PBXFileReference section */
		641E8F4127AE843F00FE459C /* GardenViewController.swift */ = {isa = PBXFileReference; lastKnownFileType = sourcecode.swift; path = GardenViewController.swift; sourceTree = "<group>"; };
		641E8F4327AE845400FE459C /* FlowerShopViewController.swift */ = {isa = PBXFileReference; lastKnownFileType = sourcecode.swift; path = FlowerShopViewController.swift; sourceTree = "<group>"; };
		641E8F4527AEBCF000FE459C /* Questions.swift */ = {isa = PBXFileReference; lastKnownFileType = sourcecode.swift; path = Questions.swift; sourceTree = "<group>"; };
		646DEC9B27AB969700452E50 /* guessVocabularies.app */ = {isa = PBXFileReference; explicitFileType = wrapper.application; includeInIndex = 0; path = guessVocabularies.app; sourceTree = BUILT_PRODUCTS_DIR; };
		646DEC9E27AB969700452E50 /* AppDelegate.swift */ = {isa = PBXFileReference; lastKnownFileType = sourcecode.swift; path = AppDelegate.swift; sourceTree = "<group>"; };
		646DECA027AB969700452E50 /* SceneDelegate.swift */ = {isa = PBXFileReference; lastKnownFileType = sourcecode.swift; path = SceneDelegate.swift; sourceTree = "<group>"; };
		646DECA227AB969700452E50 /* ViewController.swift */ = {isa = PBXFileReference; lastKnownFileType = sourcecode.swift; path = ViewController.swift; sourceTree = "<group>"; };
		646DECA527AB969700452E50 /* Base */ = {isa = PBXFileReference; lastKnownFileType = file.storyboard; name = Base; path = Base.lproj/Main.storyboard; sourceTree = "<group>"; };
		646DECA727AB969700452E50 /* Assets.xcassets */ = {isa = PBXFileReference; lastKnownFileType = folder.assetcatalog; path = Assets.xcassets; sourceTree = "<group>"; };
		646DECAA27AB969700452E50 /* Base */ = {isa = PBXFileReference; lastKnownFileType = file.storyboard; name = Base; path = Base.lproj/LaunchScreen.storyboard; sourceTree = "<group>"; };
		646DECAC27AB969700452E50 /* Info.plist */ = {isa = PBXFileReference; lastKnownFileType = text.plist.xml; path = Info.plist; sourceTree = "<group>"; };
/* End PBXFileReference section */

/* Begin PBXFrameworksBuildPhase section */
		646DEC9827AB969700452E50 /* Frameworks */ = {
			isa = PBXFrameworksBuildPhase;
			buildActionMask = 2147483647;
			files = (
			);
			runOnlyForDeploymentPostprocessing = 0;
		};
/* End PBXFrameworksBuildPhase section */

/* Begin PBXGroup section */
		646DEC9227AB969700452E50 = {
			isa = PBXGroup;
			children = (
				641E8F4527AEBCF000FE459C /* Questions.swift */,
				646DEC9D27AB969700452E50 /* guessVocabularies */,
				646DEC9C27AB969700452E50 /* Products */,
			);
			sourceTree = "<group>";
		};
		646DEC9C27AB969700452E50 /* Products */ = {
			isa = PBXGroup;
			children = (
				646DEC9B27AB969700452E50 /* guessVocabularies.app */,
			);
			name = Products;
			sourceTree = "<group>";
		};
		646DEC9D27AB969700452E50 /* guessVocabularies */ = {
			isa = PBXGroup;
			children = (
				646DEC9E27AB969700452E50 /* AppDelegate.swift */,
				646DECA027AB969700452E50 /* SceneDelegate.swift */,
				646DECA227AB969700452E50 /* ViewController.swift */,
				641E8F4127AE843F00FE459C /* GardenViewController.swift */,
				641E8F4327AE845400FE459C /* FlowerShopViewController.swift */,
				646DECA427AB969700452E50 /* Main.storyboard */,
				646DECA727AB969700452E50 /* Assets.xcassets */,
				646DECA927AB969700452E50 /* LaunchScreen.storyboard */,
				646DECAC27AB969700452E50 /* Info.plist */,
			);
			path = guessVocabularies;
			sourceTree = "<group>";
		};
/* End PBXGroup section */

/* Begin PBXNativeTarget section */
		646DEC9A27AB969700452E50 /* guessVocabularies */ = {
			isa = PBXNativeTarget;
			buildConfigurationList = 646DECAF27AB969700452E50 /* Build configuration list for PBXNativeTarget "guessVocabularies" */;
			buildPhases = (
				646DEC9727AB969700452E50 /* Sources */,
				646DEC9827AB969700452E50 /* Frameworks */,
				646DEC9927AB969700452E50 /* Resources */,
			);
			buildRules = (
			);
			dependencies = (
			);
			name = guessVocabularies;
			productName = guessVocabularies;
			productReference = 646DEC9B27AB969700452E50 /* guessVocabularies.app */;
			productType = "com.apple.product-type.application";
		};
/* End PBXNativeTarget section */

/* Begin PBXProject section */
		646DEC9327AB969700452E50 /* Project object */ = {
			isa = PBXProject;
			attributes = {
				BuildIndependentTargetsInParallel = 1;
				LastSwiftUpdateCheck = 1310;
				LastUpgradeCheck = 1310;
				TargetAttributes = {
					646DEC9A27AB969700452E50 = {
						CreatedOnToolsVersion = 13.1;
					};
				};
			};
			buildConfigurationList = 646DEC9627AB969700452E50 /* Build configuration list for PBXProject "guessVocabularies" */;
			compatibilityVersion = "Xcode 13.0";
			developmentRegion = en;
			hasScannedForEncodings = 0;
			knownRegions = (
				en,
				Base,
			);
			mainGroup = 646DEC9227AB969700452E50;
			productRefGroup = 646DEC9C27AB969700452E50 /* Products */;
			projectDirPath = "";
			projectRoot = "";
			targets = (
				646DEC9A27AB969700452E50 /* guessVocabularies */,
			);
		};
/* End PBXProject section */

/* Begin PBXResourcesBuildPhase section */
		646DEC9927AB969700452E50 /* Resources */ = {
			isa = PBXResourcesBuildPhase;
			buildActionMask = 2147483647;
			files = (
				646DECAB27AB969700452E50 /* LaunchScreen.storyboard in Resources */,
				646DECA827AB969700452E50 /* Assets.xcassets in Resources */,
				646DECA627AB969700452E50 /* Main.storyboard in Resources */,
			);
			runOnlyForDeploymentPostprocessing = 0;
		};
/* End PBXResourcesBuildPhase section */

/* Begin PBXSourcesBuildPhase section */
		646DEC9727AB969700452E50 /* Sources */ = {
			isa = PBXSourcesBuildPhase;
			buildActionMask = 2147483647;
			files = (
				646DECA327AB969700452E50 /* ViewController.swift in Sources */,
				641E8F4227AE843F00FE459C /* GardenViewController.swift in Sources */,
				646DEC9F27AB969700452E50 /* AppDelegate.swift in Sources */,
				641E8F4627AEBCF000FE459C /* Questions.swift in Sources */,
				641E8F4427AE845400FE459C /* FlowerShopViewController.swift in Sources */,
				646DECA127AB969700452E50 /* SceneDelegate.swift in Sources */,
			);
			runOnlyForDeploymentPostprocessing = 0;
		};
/* End PBXSourcesBuildPhase section */

/* Begin PBXVariantGroup section */
		646DECA427AB969700452E50 /* Main.storyboard */ = {
			isa = PBXVariantGroup;
			children = (
				646DECA527AB969700452E50 /* Base */,
			);
			name = Main.storyboard;
			sourceTree = "<group>";
		};
		646DECA927AB969700452E50 /* LaunchScreen.storyboard */ = {
			isa = PBXVariantGroup;
			children = (
				646DECAA27AB969700452E50 /* Base */,
			);
			name = LaunchScreen.storyboard;
			sourceTree = "<group>";
		};
/* End PBXVariantGroup section */

/* Begin XCBuildConfiguration section */
		646DECAD27AB969700452E50 /* Debug */ = {
			isa = XCBuildConfiguration;
			buildSettings = {
				ALWAYS_SEARCH_USER_PATHS = NO;
				CLANG_ANALYZER_NONNULL = YES;
				CLANG_ANALYZER_NUMBER_OBJECT_CONVERSION = YES_AGGRESSIVE;
				CLANG_CXX_LANGUAGE_STANDARD = "gnu++17";
				CLANG_CXX_LIBRARY = "libc++";
				CLANG_ENABLE_MODULES = YES;
				CLANG_ENABLE_OBJC_ARC = YES;
				CLANG_ENABLE_OBJC_WEAK = YES;
				CLANG_WARN_BLOCK_CAPTURE_AUTORELEASING = YES;
				CLANG_WARN_BOOL_CONVERSION = YES;
				CLANG_WARN_COMMA = YES;
				CLANG_WARN_CONSTANT_CONVERSION = YES;
				CLANG_WARN_DEPRECATED_OBJC_IMPLEMENTATIONS = YES;
				CLANG_WARN_DIRECT_OBJC_ISA_USAGE = YES_ERROR;
				CLANG_WARN_DOCUMENTATION_COMMENTS = YES;
				CLANG_WARN_EMPTY_BODY = YES;
				CLANG_WARN_ENUM_CONVERSION = YES;
				CLANG_WARN_INFINITE_RECURSION = YES;
				CLANG_WARN_INT_CONVERSION = YES;
				CLANG_WARN_NON_LITERAL_NULL_CONVERSION = YES;
				CLANG_WARN_OBJC_IMPLICIT_RETAIN_SELF = YES;
				CLANG_WARN_OBJC_LITERAL_CONVERSION = YES;
				CLANG_WARN_OBJC_ROOT_CLASS = YES_ERROR;
				CLANG_WARN_QUOTED_INCLUDE_IN_FRAMEWORK_HEADER = YES;
				CLANG_WARN_RANGE_LOOP_ANALYSIS = YES;
				CLANG_WARN_STRICT_PROTOTYPES = YES;
				CLANG_WARN_SUSPICIOUS_MOVE = YES;
				CLANG_WARN_UNGUARDED_AVAILABILITY = YES_AGGRESSIVE;
				CLANG_WARN_UNREACHABLE_CODE = YES;
				CLANG_WARN__DUPLICATE_METHOD_MATCH = YES;
				COPY_PHASE_STRIP = NO;
				DEBUG_INFORMATION_FORMAT = dwarf;
				ENABLE_STRICT_OBJC_MSGSEND = YES;
				ENABLE_TESTABILITY = YES;
				GCC_C_LANGUAGE_STANDARD = gnu11;
				GCC_DYNAMIC_NO_PIC = NO;
				GCC_NO_COMMON_BLOCKS = YES;
				GCC_OPTIMIZATION_LEVEL = 0;
				GCC_PREPROCESSOR_DEFINITIONS = (
					"DEBUG=1",
					"$(inherited)",
				);
				GCC_WARN_64_TO_32_BIT_CONVERSION = YES;
				GCC_WARN_ABOUT_RETURN_TYPE = YES_ERROR;
				GCC_WARN_UNDECLARED_SELECTOR = YES;
				GCC_WARN_UNINITIALIZED_AUTOS = YES_AGGRESSIVE;
				GCC_WARN_UNUSED_FUNCTION = YES;
				GCC_WARN_UNUSED_VARIABLE = YES;
				IPHONEOS_DEPLOYMENT_TARGET = 15.0;
				MTL_ENABLE_DEBUG_INFO = INCLUDE_SOURCE;
				MTL_FAST_MATH = YES;
				ONLY_ACTIVE_ARCH = YES;
				SDKROOT = iphoneos;
				SWIFT_ACTIVE_COMPILATION_CONDITIONS = DEBUG;
				SWIFT_OPTIMIZATION_LEVEL = "-Onone";
			};
			name = Debug;
		};
		646DECAE27AB969700452E50 /* Release */ = {
			isa = XCBuildConfiguration;
			buildSettings = {
				ALWAYS_SEARCH_USER_PATHS = NO;
				CLANG_ANALYZER_NONNULL = YES;
				CLANG_ANALYZER_NUMBER_OBJECT_CONVERSION = YES_AGGRESSIVE;
				CLANG_CXX_LANGUAGE_STANDARD = "gnu++17";
				CLANG_CXX_LIBRARY = "libc++";
				CLANG_ENABLE_MODULES = YES;
				CLANG_ENABLE_OBJC_ARC = YES;
				CLANG_ENABLE_OBJC_WEAK = YES;
				CLANG_WARN_BLOCK_CAPTURE_AUTORELEASING = YES;
				CLANG_WARN_BOOL_CONVERSION = YES;
				CLANG_WARN_COMMA = YES;
				CLANG_WARN_CONSTANT_CONVERSION = YES;
				CLANG_WARN_DEPRECATED_OBJC_IMPLEMENTATIONS = YES;
				CLANG_WARN_DIRECT_OBJC_ISA_USAGE = YES_ERROR;
				CLANG_WARN_DOCUMENTATION_COMMENTS = YES;
				CLANG_WARN_EMPTY_BODY = YES;
				CLANG_WARN_ENUM_CONVERSION = YES;
				CLANG_WARN_INFINITE_RECURSION = YES;
				CLANG_WARN_INT_CONVERSION = YES;
				CLANG_WARN_NON_LITERAL_NULL_CONVERSION = YES;
				CLANG_WARN_OBJC_IMPLICIT_RETAIN_SELF = YES;
				CLANG_WARN_OBJC_LITERAL_CONVERSION = YES;
				CLANG_WARN_OBJC_ROOT_CLASS = YES_ERROR;
				CLANG_WARN_QUOTED_INCLUDE_IN_FRAMEWORK_HEADER = YES;
				CLANG_WARN_RANGE_LOOP_ANALYSIS = YES;
				CLANG_WARN_STRICT_PROTOTYPES = YES;
				CLANG_WARN_SUSPICIOUS_MOVE = YES;
				CLANG_WARN_UNGUARDED_AVAILABILITY = YES_AGGRESSIVE;
				CLANG_WARN_UNREACHABLE_CODE = YES;
				CLANG_WARN__DUPLICATE_METHOD_MATCH = YES;
				COPY_PHASE_STRIP = NO;
				DEBUG_INFORMATION_FORMAT = "dwarf-with-dsym";
				ENABLE_NS_ASSERTIONS = NO;
				ENABLE_STRICT_OBJC_MSGSEND = YES;
				GCC_C_LANGUAGE_STANDARD = gnu11;
				GCC_NO_COMMON_BLOCKS = YES;
				GCC_WARN_64_TO_32_BIT_CONVERSION = YES;
				GCC_WARN_ABOUT_RETURN_TYPE = YES_ERROR;
				GCC_WARN_UNDECLARED_SELECTOR = YES;
				GCC_WARN_UNINITIALIZED_AUTOS = YES_AGGRESSIVE;
				GCC_WARN_UNUSED_FUNCTION = YES;
				GCC_WARN_UNUSED_VARIABLE = YES;
				IPHONEOS_DEPLOYMENT_TARGET = 15.0;
				MTL_ENABLE_DEBUG_INFO = NO;
				MTL_FAST_MATH = YES;
				SDKROOT = iphoneos;
				SWIFT_COMPILATION_MODE = wholemodule;
				SWIFT_OPTIMIZATION_LEVEL = "-O";
				VALIDATE_PRODUCT = YES;
			};
			name = Release;
		};
		646DECB027AB969700452E50 /* Debug */ = {
			isa = XCBuildConfiguration;
			buildSettings = {
				ASSETCATALOG_COMPILER_APPICON_NAME = AppIcon;
				ASSETCATALOG_COMPILER_GLOBAL_ACCENT_COLOR_NAME = AccentColor;
				CODE_SIGN_STYLE = Automatic;
				CURRENT_PROJECT_VERSION = 1;
				DEVELOPMENT_TEAM = Z4822F8J4X;
				GENERATE_INFOPLIST_FILE = YES;
				INFOPLIST_FILE = guessVocabularies/Info.plist;
				INFOPLIST_KEY_UIApplicationSupportsIndirectInputEvents = YES;
				INFOPLIST_KEY_UILaunchStoryboardName = LaunchScreen;
				INFOPLIST_KEY_UIMainStoryboardFile = Main;
				INFOPLIST_KEY_UISupportedInterfaceOrientations_iPad = "UIInterfaceOrientationPortrait UIInterfaceOrientationPortraitUpsideDown UIInterfaceOrientationLandscapeLeft UIInterfaceOrientationLandscapeRight";
				INFOPLIST_KEY_UISupportedInterfaceOrientations_iPhone = "UIInterfaceOrientationPortrait UIInterfaceOrientationLandscapeLeft UIInterfaceOrientationLandscapeRight";
				LD_RUNPATH_SEARCH_PATHS = (
					"$(inherited)",
					"@executable_path/Frameworks",
				);
				MARKETING_VERSION = 1.0;
				PRODUCT_BUNDLE_IDENTIFIER = com.chris.guessVocabularies;
				PRODUCT_NAME = "$(TARGET_NAME)";
				SWIFT_EMIT_LOC_STRINGS = YES;
				SWIFT_VERSION = 5.0;
				TARGETED_DEVICE_FAMILY = "1,2";
			};
			name = Debug;
		};
		646DECB127AB969700452E50 /* Release */ = {
			isa = XCBuildConfiguration;
			buildSettings = {
				ASSETCATALOG_COMPILER_APPICON_NAME = AppIcon;
				ASSETCATALOG_COMPILER_GLOBAL_ACCENT_COLOR_NAME = AccentColor;
				CODE_SIGN_STYLE = Automatic;
				CURRENT_PROJECT_VERSION = 1;
				DEVELOPMENT_TEAM = Z4822F8J4X;
				GENERATE_INFOPLIST_FILE = YES;
				INFOPLIST_FILE = guessVocabularies/Info.plist;
				INFOPLIST_KEY_UIApplicationSupportsIndirectInputEvents = YES;
				INFOPLIST_KEY_UILaunchStoryboardName = LaunchScreen;
				INFOPLIST_KEY_UIMainStoryboardFile = Main;
				INFOPLIST_KEY_UISupportedInterfaceOrientations_iPad = "UIInterfaceOrientationPortrait UIInterfaceOrientationPortraitUpsideDown UIInterfaceOrientationLandscapeLeft UIInterfaceOrientationLandscapeRight";
				INFOPLIST_KEY_UISupportedInterfaceOrientations_iPhone = "UIInterfaceOrientationPortrait UIInterfaceOrientationLandscapeLeft UIInterfaceOrientationLandscapeRight";
				LD_RUNPATH_SEARCH_PATHS = (
					"$(inherited)",
					"@executable_path/Frameworks",
				);
				MARKETING_VERSION = 1.0;
				PRODUCT_BUNDLE_IDENTIFIER = com.chris.guessVocabularies;
				PRODUCT_NAME = "$(TARGET_NAME)";
				SWIFT_EMIT_LOC_STRINGS = YES;
				SWIFT_VERSION = 5.0;
				TARGETED_DEVICE_FAMILY = "1,2";
			};
			name = Release;
		};
/* End XCBuildConfiguration section */

/* Begin XCConfigurationList section */
		646DEC9627AB969700452E50 /* Build configuration list for PBXProject "guessVocabularies" */ = {
			isa = XCConfigurationList;
			buildConfigurations = (
				646DECAD27AB969700452E50 /* Debug */,
				646DECAE27AB969700452E50 /* Release */,
			);
			defaultConfigurationIsVisible = 0;
			defaultConfigurationName = Release;
		};
		646DECAF27AB969700452E50 /* Build configuration list for PBXNativeTarget "guessVocabularies" */ = {
			isa = XCConfigurationList;
			buildConfigurations = (
				646DECB027AB969700452E50 /* Debug */,
				646DECB127AB969700452E50 /* Release */,
			);
			defaultConfigurationIsVisible = 0;
			defaultConfigurationName = Release;
		};
/* End XCConfigurationList section */
	};
	rootObject = 646DEC9327AB969700452E50 /* Project object */;
}
